
Microsoft Visual Studio Solution File, Format Version 12.00
# Visual Studio Version 16
VisualStudioVersion = 16.0.31005.135
MinimumVisualStudioVersion = 10.0.40219.1
Project("{9A19103F-16F7-4668-BE54-9A1E7A4F7556}") = "T3.S3Ledger.Api", "T3.S3Ledger.Api\T3.S3Ledger.Api.csproj", "{BFB732F4-23D9-4005-804E-D2DACA91F319}"
EndProject
Project("{2150E333-8FDC-42A3-9474-1A3956D46DE8}") = "Solution Items", "Solution Items", "{973AF003-22CA-40A3-8C6B-6355BA6600CA}"
	ProjectSection(SolutionItems) = preProject
		.editorconfig = .editorconfig
	EndProjectSection
EndProject
Global
	GlobalSection(SolutionConfigurationPlatforms) = preSolution
		Debug|Any CPU = Debug|Any CPU
		Release|Any CPU = Release|Any CPU
	EndGlobalSection
	GlobalSection(ProjectConfigurationPlatforms) = postSolution
		{BFB732F4-23D9-4005-804E-D2DACA91F319}.Debug|Any CPU.ActiveCfg = Debug|Any CPU
		{BFB732F4-23D9-4005-804E-D2DACA91F319}.Debug|Any CPU.Build.0 = Debug|Any CPU
		{BFB732F4-23D9-4005-804E-D2DACA91F319}.Release|Any CPU.ActiveCfg = Release|Any CPU
		{BFB732F4-23D9-4005-804E-D2DACA91F319}.Release|Any CPU.Build.0 = Release|Any CPU
	EndGlobalSection
	GlobalSection(SolutionProperties) = preSolution
		HideSolutionNode = FALSE
	EndGlobalSection
	GlobalSection(ExtensibilityGlobals) = postSolution
		SolutionGuid = {8D12627B-626D-4A26-837C-AD19D673CC9C}
	EndGlobalSection
EndGlobal
